
Microsoft Visual Studio Solution File, Format Version 12.00
# Visual Studio Version 17
VisualStudioVersion = 17.2.32630.192
MinimumVisualStudioVersion = 10.0.40219.1
Project("{FAE04EC0-301F-11D3-BF4B-00C04F79EFBC}") = "SortWords", "SortWords\SortWords.csproj", "{9068C6C2-5697-4FF7-967F-4CD77CCAAF61}"
EndProject
Global
	GlobalSection(SolutionConfigurationPlatforms) = preSolution
		Debug|Any CPU = Debug|Any CPU
		Release|Any CPU = Release|Any CPU
	EndGlobalSection
	GlobalSection(ProjectConfigurationPlatforms) = postSolution
		{9068C6C2-5697-4FF7-967F-4CD77CCAAF61}.Debug|Any CPU.ActiveCfg = Debug|Any CPU
		{9068C6C2-5697-4FF7-967F-4CD77CCAAF61}.Debug|Any CPU.Build.0 = Debug|Any CPU
		{9068C6C2-5697-4FF7-967F-4CD77CCAAF61}.Release|Any CPU.ActiveCfg = Release|Any CPU
		{9068C6C2-5697-4FF7-967F-4CD77CCAAF61}.Release|Any CPU.Build.0 = Release|Any CPU
	EndGlobalSection
	GlobalSection(SolutionProperties) = preSolution
		HideSolutionNode = FALSE
	EndGlobalSection
	GlobalSection(ExtensibilityGlobals) = postSolution
		SolutionGuid = {5DB6D3FC-6323-47A8-8880-C7D7C8D28040}
	EndGlobalSection
EndGlobal
